
Microsoft Visual Studio Solution File, Format Version 12.00
Project("{FAE04EC0-301F-11D3-BF4B-00C04F79EFBC}") = "ModMail", "ModMail\ModMail.csproj", "{B3FFE573-AF88-4B72-8998-0FBC6C706584}"
EndProject
Project("{FAE04EC0-301F-11D3-BF4B-00C04F79EFBC}") = "ModMail.Serilog.Sinks", "ModMail.Serilog.Sinks\ModMail.Serilog.Sinks.csproj", "{37920F9F-3A46-4FC1-8AE6-5D3583D81142}"
EndProject
Project("{FAE04EC0-301F-11D3-BF4B-00C04F79EFBC}") = "ModMail.Models", "ModMail.Models\ModMail.Models.csproj", "{D0F44B3E-AAC6-42E4-9396-FCF712364229}"
EndProject
Project("{FAE04EC0-301F-11D3-BF4B-00C04F79EFBC}") = "ModMail.Utilities", "ModMail.Utilities\ModMail.Utilities.csproj", "{6A5513C9-552A-45A8-8FA5-F7D708029E86}"
EndProject
Global
	GlobalSection(SolutionConfigurationPlatforms) = preSolution
		Debug|Any CPU = Debug|Any CPU
		Release|Any CPU = Release|Any CPU
	EndGlobalSection
	GlobalSection(ProjectConfigurationPlatforms) = postSolution
		{B3FFE573-AF88-4B72-8998-0FBC6C706584}.Debug|Any CPU.ActiveCfg = Debug|Any CPU
		{B3FFE573-AF88-4B72-8998-0FBC6C706584}.Debug|Any CPU.Build.0 = Debug|Any CPU
		{B3FFE573-AF88-4B72-8998-0FBC6C706584}.Release|Any CPU.ActiveCfg = Release|Any CPU
		{B3FFE573-AF88-4B72-8998-0FBC6C706584}.Release|Any CPU.Build.0 = Release|Any CPU
		{37920F9F-3A46-4FC1-8AE6-5D3583D81142}.Debug|Any CPU.ActiveCfg = Debug|Any CPU
		{37920F9F-3A46-4FC1-8AE6-5D3583D81142}.Debug|Any CPU.Build.0 = Debug|Any CPU
		{37920F9F-3A46-4FC1-8AE6-5D3583D81142}.Release|Any CPU.ActiveCfg = Release|Any CPU
		{37920F9F-3A46-4FC1-8AE6-5D3583D81142}.Release|Any CPU.Build.0 = Release|Any CPU
		{D0F44B3E-AAC6-42E4-9396-FCF712364229}.Debug|Any CPU.ActiveCfg = Debug|Any CPU
		{D0F44B3E-AAC6-42E4-9396-FCF712364229}.Debug|Any CPU.Build.0 = Debug|Any CPU
		{D0F44B3E-AAC6-42E4-9396-FCF712364229}.Release|Any CPU.ActiveCfg = Release|Any CPU
		{D0F44B3E-AAC6-42E4-9396-FCF712364229}.Release|Any CPU.Build.0 = Release|Any CPU
		{6A5513C9-552A-45A8-8FA5-F7D708029E86}.Debug|Any CPU.ActiveCfg = Debug|Any CPU
		{6A5513C9-552A-45A8-8FA5-F7D708029E86}.Debug|Any CPU.Build.0 = Debug|Any CPU
		{6A5513C9-552A-45A8-8FA5-F7D708029E86}.Release|Any CPU.ActiveCfg = Release|Any CPU
		{6A5513C9-552A-45A8-8FA5-F7D708029E86}.Release|Any CPU.Build.0 = Release|Any CPU
	EndGlobalSection
EndGlobal
